// !$*UTF8*$!
{
	archiveVersion = 1;
	classes = {
	};
	objectVersion = 46;
	objects = {

/* Begin PBXBuildFile section */
		18CE51921D4CCD3E00DDDC3A /* main.m in Sources */ = {isa = PBXBuildFile; fileRef = 18CE51911D4CCD3E00DDDC3A /* main.m */; };
		18CE51951D4CCD3E00DDDC3A /* AppDelegate.m in Sources */ = {isa = PBXBuildFile; fileRef = 18CE51941D4CCD3E00DDDC3A /* AppDelegate.m */; };
		18CE519D1D4CCD3E00DDDC3A /* Assets.xcassets in Resources */ = {isa = PBXBuildFile; fileRef = 18CE519C1D4CCD3E00DDDC3A /* Assets.xcassets */; };
		18CE51A01D4CCD3E00DDDC3A /* LaunchScreen.storyboard in Resources */ = {isa = PBXBuildFile; fileRef = 18CE519E1D4CCD3E00DDDC3A /* LaunchScreen.storyboard */; };
		18CE51AA1D4CCDE200DDDC3A /* LMJShopViewController.m in Sources */ = {isa = PBXBuildFile; fileRef = 18CE51A91D4CCDE200DDDC3A /* LMJShopViewController.m */; };
		18CE51AD1D4CCE9100DDDC3A /* LMJWaterflowLayout.m in Sources */ = {isa = PBXBuildFile; fileRef = 18CE51AC1D4CCE9100DDDC3A /* LMJWaterflowLayout.m */; };
/* End PBXBuildFile section */

/* Begin PBXFileReference section */
		18CE518D1D4CCD3E00DDDC3A /* 瀑布流核心计算-1.app */ = {isa = PBXFileReference; explicitFileType = wrapper.application; includeInIndex = 0; path = "瀑布流核心计算-1.app"; sourceTree = BUILT_PRODUCTS_DIR; };
		18CE51911D4CCD3E00DDDC3A /* main.m */ = {isa = PBXFileReference; lastKnownFileType = sourcecode.c.objc; path = main.m; sourceTree = "<group>"; };
		18CE51931D4CCD3E00DDDC3A /* AppDelegate.h */ = {isa = PBXFileReference; lastKnownFileType = sourcecode.c.h; path = AppDelegate.h; sourceTree = "<group>"; };
		18CE51941D4CCD3E00DDDC3A /* AppDelegate.m */ = {isa = PBXFileReference; lastKnownFileType = sourcecode.c.objc; path = AppDelegate.m; sourceTree = "<group>"; };
		18CE519C1D4CCD3E00DDDC3A /* Assets.xcassets */ = {isa = PBXFileReference; lastKnownFileType = folder.assetcatalog; path = Assets.xcassets; sourceTree = "<group>"; };
		18CE519F1D4CCD3E00DDDC3A /* Base */ = {isa = PBXFileReference; lastKnownFileType = file.storyboard; name = Base; path = Base.lproj/LaunchScreen.storyboard; sourceTree = "<group>"; };
		18CE51A11D4CCD3E00DDDC3A /* Info.plist */ = {isa = PBXFileReference; lastKnownFileType = text.plist.xml; path = Info.plist; sourceTree = "<group>"; };
		18CE51A81D4CCDE200DDDC3A /* LMJShopViewController.h */ = {isa = PBXFileReference; fileEncoding = 4; lastKnownFileType = sourcecode.c.h; path = LMJShopViewController.h; sourceTree = "<group>"; };
		18CE51A91D4CCDE200DDDC3A /* LMJShopViewController.m */ = {isa = PBXFileReference; fileEncoding = 4; lastKnownFileType = sourcecode.c.objc; path = LMJShopViewController.m; sourceTree = "<group>"; };
		18CE51AB1D4CCE9100DDDC3A /* LMJWaterflowLayout.h */ = {isa = PBXFileReference; fileEncoding = 4; lastKnownFileType = sourcecode.c.h; path = LMJWaterflowLayout.h; sourceTree = "<group>"; };
		18CE51AC1D4CCE9100DDDC3A /* LMJWaterflowLayout.m */ = {isa = PBXFileReference; fileEncoding = 4; lastKnownFileType = sourcecode.c.objc; path = LMJWaterflowLayout.m; sourceTree = "<group>"; };
/* End PBXFileReference section */

/* Begin PBXFrameworksBuildPhase section */
		18CE518A1D4CCD3E00DDDC3A /* Frameworks */ = {
			isa = PBXFrameworksBuildPhase;
			buildActionMask = 2147483647;
			files = (
			);
			runOnlyForDeploymentPostprocessing = 0;
		};
/* End PBXFrameworksBuildPhase section */

/* Begin PBXGroup section */
		18CE51841D4CCD3E00DDDC3A = {
			isa = PBXGroup;
			children = (
				18CE518F1D4CCD3E00DDDC3A /* 瀑布流核心计算-1 */,
				18CE518E1D4CCD3E00DDDC3A /* Products */,
			);
			sourceTree = "<group>";
		};
		18CE518E1D4CCD3E00DDDC3A /* Products */ = {
			isa = PBXGroup;
			children = (
				18CE518D1D4CCD3E00DDDC3A /* 瀑布流核心计算-1.app */,
			);
			name = Products;
			sourceTree = "<group>";
		};
		18CE518F1D4CCD3E00DDDC3A /* 瀑布流核心计算-1 */ = {
			isa = PBXGroup;
			children = (
				18CE51A71D4CCDC000DDDC3A /* 自定义Layout */,
				18CE51901D4CCD3E00DDDC3A /* Supporting Files */,
			);
			path = "瀑布流核心计算-1";
			sourceTree = "<group>";
		};
		18CE51901D4CCD3E00DDDC3A /* Supporting Files */ = {
			isa = PBXGroup;
			children = (
				18CE51941D4CCD3E00DDDC3A /* AppDelegate.m */,
				18CE51931D4CCD3E00DDDC3A /* AppDelegate.h */,
				18CE519C1D4CCD3E00DDDC3A /* Assets.xcassets */,
				18CE519E1D4CCD3E00DDDC3A /* LaunchScreen.storyboard */,
				18CE51A11D4CCD3E00DDDC3A /* Info.plist */,
				18CE51911D4CCD3E00DDDC3A /* main.m */,
			);
			name = "Supporting Files";
			sourceTree = "<group>";
		};
		18CE51A71D4CCDC000DDDC3A /* 自定义Layout */ = {
			isa = PBXGroup;
			children = (
				18CE51A81D4CCDE200DDDC3A /* LMJShopViewController.h */,
				18CE51A91D4CCDE200DDDC3A /* LMJShopViewController.m */,
				18CE51AB1D4CCE9100DDDC3A /* LMJWaterflowLayout.h */,
				18CE51AC1D4CCE9100DDDC3A /* LMJWaterflowLayout.m */,
			);
			path = "自定义Layout";
			sourceTree = SOURCE_ROOT;
		};
/* End PBXGroup section */

/* Begin PBXNativeTarget section */
		18CE518C1D4CCD3E00DDDC3A /* 瀑布流核心计算-1 */ = {
			isa = PBXNativeTarget;
			buildConfigurationList = 18CE51A41D4CCD3E00DDDC3A /* Build configuration list for PBXNativeTarget "瀑布流核心计算-1" */;
			buildPhases = (
				18CE51891D4CCD3E00DDDC3A /* Sources */,
				18CE518A1D4CCD3E00DDDC3A /* Frameworks */,
				18CE518B1D4CCD3E00DDDC3A /* Resources */,
			);
			buildRules = (
			);
			dependencies = (
			);
			name = "瀑布流核心计算-1";
			productName = "瀑布流核心计算-1";
			productReference = 18CE518D1D4CCD3E00DDDC3A /* 瀑布流核心计算-1.app */;
			productType = "com.apple.product-type.application";
		};
/* End PBXNativeTarget section */

/* Begin PBXProject section */
		18CE51851D4CCD3E00DDDC3A /* Project object */ = {
			isa = PBXProject;
			attributes = {
				LastUpgradeCheck = 0720;
				ORGANIZATIONNAME = NJHu;
				TargetAttributes = {
					18CE518C1D4CCD3E00DDDC3A = {
						CreatedOnToolsVersion = 7.2;
					};
				};
			};
			buildConfigurationList = 18CE51881D4CCD3E00DDDC3A /* Build configuration list for PBXProject "瀑布流核心计算-1" */;
			compatibilityVersion = "Xcode 3.2";
			developmentRegion = English;
			hasScannedForEncodings = 0;
			knownRegions = (
				en,
				Base,
			);
			mainGroup = 18CE51841D4CCD3E00DDDC3A;
			productRefGroup = 18CE518E1D4CCD3E00DDDC3A /* Products */;
			projectDirPath = "";
			projectRoot = "";
			targets = (
				18CE518C1D4CCD3E00DDDC3A /* 瀑布流核心计算-1 */,
			);
		};
/* End PBXProject section */

/* Begin PBXResourcesBuildPhase section */
		18CE518B1D4CCD3E00DDDC3A /* Resources */ = {
			isa = PBXResourcesBuildPhase;
			buildActionMask = 2147483647;
			files = (
				18CE51A01D4CCD3E00DDDC3A /* LaunchScreen.storyboard in Resources */,
				18CE519D1D4CCD3E00DDDC3A /* Assets.xcassets in Resources */,
			);
			runOnlyForDeploymentPostprocessing = 0;
		};
/* End PBXResourcesBuildPhase section */

/* Begin PBXSourcesBuildPhase section */
		18CE51891D4CCD3E00DDDC3A /* Sources */ = {
			isa = PBXSourcesBuildPhase;
			buildActionMask = 2147483647;
			files = (
				18CE51951D4CCD3E00DDDC3A /* AppDelegate.m in Sources */,
				18CE51921D4CCD3E00DDDC3A /* main.m in Sources */,
				18CE51AA1D4CCDE200DDDC3A /* LMJShopViewController.m in Sources */,
				18CE51AD1D4CCE9100DDDC3A /* LMJWaterflowLayout.m in Sources */,
			);
			runOnlyForDeploymentPostprocessing = 0;
		};
/* End PBXSourcesBuildPhase section */

/* Begin PBXVariantGroup section */
		18CE519E1D4CCD3E00DDDC3A /* LaunchScreen.storyboard */ = {
			isa = PBXVariantGroup;
			children = (
				18CE519F1D4CCD3E00DDDC3A /* Base */,
			);
			name = LaunchScreen.storyboard;
			sourceTree = "<group>";
		};
/* End PBXVariantGroup section */

/* Begin XCBuildConfiguration section */
		18CE51A21D4CCD3E00DDDC3A /* Debug */ = {
			isa = XCBuildConfiguration;
			buildSettings = {
				ALWAYS_SEARCH_USER_PATHS = NO;
				CLANG_CXX_LANGUAGE_STANDARD = "gnu++0x";
				CLANG_CXX_LIBRARY = "libc++";
				CLANG_ENABLE_MODULES = YES;
				CLANG_ENABLE_OBJC_ARC = YES;
				CLANG_WARN_BOOL_CONVERSION = YES;
				CLANG_WARN_CONSTANT_CONVERSION = YES;
				CLANG_WARN_DIRECT_OBJC_ISA_USAGE = YES_ERROR;
				CLANG_WARN_EMPTY_BODY = YES;
				CLANG_WARN_ENUM_CONVERSION = YES;
				CLANG_WARN_INT_CONVERSION = YES;
				CLANG_WARN_OBJC_ROOT_CLASS = YES_ERROR;
				CLANG_WARN_UNREACHABLE_CODE = YES;
				CLANG_WARN__DUPLICATE_METHOD_MATCH = YES;
				"CODE_SIGN_IDENTITY[sdk=iphoneos*]" = "iPhone Developer";
				COPY_PHASE_STRIP = NO;
				DEBUG_INFORMATION_FORMAT = dwarf;
				ENABLE_STRICT_OBJC_MSGSEND = YES;
				ENABLE_TESTABILITY = YES;
				GCC_C_LANGUAGE_STANDARD = gnu99;
				GCC_DYNAMIC_NO_PIC = NO;
				GCC_NO_COMMON_BLOCKS = YES;
				GCC_OPTIMIZATION_LEVEL = 0;
				GCC_PREPROCESSOR_DEFINITIONS = (
					"DEBUG=1",
					"$(inherited)",
				);
				GCC_WARN_64_TO_32_BIT_CONVERSION = YES;
				GCC_WARN_ABOUT_RETURN_TYPE = YES_ERROR;
				GCC_WARN_UNDECLARED_SELECTOR = YES;
				GCC_WARN_UNINITIALIZED_AUTOS = YES_AGGRESSIVE;
				GCC_WARN_UNUSED_FUNCTION = YES;
				GCC_WARN_UNUSED_VARIABLE = YES;
				IPHONEOS_DEPLOYMENT_TARGET = 9.2;
				MTL_ENABLE_DEBUG_INFO = YES;
				ONLY_ACTIVE_ARCH = YES;
				SDKROOT = iphoneos;
			};
			name = Debug;
		};
		18CE51A31D4CCD3E00DDDC3A /* Release */ = {
			isa = XCBuildConfiguration;
			buildSettings = {
				ALWAYS_SEARCH_USER_PATHS = NO;
				CLANG_CXX_LANGUAGE_STANDARD = "gnu++0x";
				CLANG_CXX_LIBRARY = "libc++";
				CLANG_ENABLE_MODULES = YES;
				CLANG_ENABLE_OBJC_ARC = YES;
				CLANG_WARN_BOOL_CONVERSION = YES;
				CLANG_WARN_CONSTANT_CONVERSION = YES;
				CLANG_WARN_DIRECT_OBJC_ISA_USAGE = YES_ERROR;
				CLANG_WARN_EMPTY_BODY = YES;
				CLANG_WARN_ENUM_CONVERSION = YES;
				CLANG_WARN_INT_CONVERSION = YES;
				CLANG_WARN_OBJC_ROOT_CLASS = YES_ERROR;
				CLANG_WARN_UNREACHABLE_CODE = YES;
				CLANG_WARN__DUPLICATE_METHOD_MATCH = YES;
				"CODE_SIGN_IDENTITY[sdk=iphoneos*]" = "iPhone Developer";
				COPY_PHASE_STRIP = NO;
				DEBUG_INFORMATION_FORMAT = "dwarf-with-dsym";
				ENABLE_NS_ASSERTIONS = NO;
				ENABLE_STRICT_OBJC_MSGSEND = YES;
				GCC_C_LANGUAGE_STANDARD = gnu99;
				GCC_NO_COMMON_BLOCKS = YES;
				GCC_WARN_64_TO_32_BIT_CONVERSION = YES;
				GCC_WARN_ABOUT_RETURN_TYPE = YES_ERROR;
				GCC_WARN_UNDECLARED_SELECTOR = YES;
				GCC_WARN_UNINITIALIZED_AUTOS = YES_AGGRESSIVE;
				GCC_WARN_UNUSED_FUNCTION = YES;
				GCC_WARN_UNUSED_VARIABLE = YES;
				IPHONEOS_DEPLOYMENT_TARGET = 9.2;
				MTL_ENABLE_DEBUG_INFO = NO;
				SDKROOT = iphoneos;
				VALIDATE_PRODUCT = YES;
			};
			name = Release;
		};
		18CE51A51D4CCD3E00DDDC3A /* Debug */ = {
			isa = XCBuildConfiguration;
			buildSettings = {
				ASSETCATALOG_COMPILER_APPICON_NAME = AppIcon;
				INFOPLIST_FILE = "瀑布流核心计算-1/Info.plist";
				LD_RUNPATH_SEARCH_PATHS = "$(inherited) @executable_path/Frameworks";
				PRODUCT_BUNDLE_IDENTIFIER = "NJHu-gitHub.com.--------1";
				PRODUCT_NAME = "$(TARGET_NAME)";
			};
			name = Debug;
		};
		18CE51A61D4CCD3E00DDDC3A /* Release */ = {
			isa = XCBuildConfiguration;
			buildSettings = {
				ASSETCATALOG_COMPILER_APPICON_NAME = AppIcon;
				INFOPLIST_FILE = "瀑布流核心计算-1/Info.plist";
				LD_RUNPATH_SEARCH_PATHS = "$(inherited) @executable_path/Frameworks";
				PRODUCT_BUNDLE_IDENTIFIER = "NJHu-gitHub.com.--------1";
				PRODUCT_NAME = "$(TARGET_NAME)";
			};
			name = Release;
		};
/* End XCBuildConfiguration section */

/* Begin XCConfigurationList section */
		18CE51881D4CCD3E00DDDC3A /* Build configuration list for PBXProject "瀑布流核心计算-1" */ = {
			isa = XCConfigurationList;
			buildConfigurations = (
				18CE51A21D4CCD3E00DDDC3A /* Debug */,
				18CE51A31D4CCD3E00DDDC3A /* Release */,
			);
			defaultConfigurationIsVisible = 0;
			defaultConfigurationName = Release;
		};
		18CE51A41D4CCD3E00DDDC3A /* Build configuration list for PBXNativeTarget "瀑布流核心计算-1" */ = {
			isa = XCConfigurationList;
			buildConfigurations = (
				18CE51A51D4CCD3E00DDDC3A /* Debug */,
				18CE51A61D4CCD3E00DDDC3A /* Release */,
			);
			defaultConfigurationIsVisible = 0;
		};
/* End XCConfigurationList section */
	};
	rootObject = 18CE51851D4CCD3E00DDDC3A /* Project object */;
}
