// !$*UTF8*$!
{
	archiveVersion = 1;
	classes = {
	};
	objectVersion = 46;
	objects = {

/* Begin PBXBuildFile section */
		18BD1B0F1D4DD5800052A363 /* main.m in Sources */ = {isa = PBXBuildFile; fileRef = 18BD1B0E1D4DD5800052A363 /* main.m */; };
		18BD1B171D4DD5950052A363 /* LMJPerson.m in Sources */ = {isa = PBXBuildFile; fileRef = 18BD1B161D4DD5950052A363 /* LMJPerson.m */; };
/* End PBXBuildFile section */

/* Begin PBXCopyFilesBuildPhase section */
		18BD1B091D4DD5800052A363 /* CopyFiles */ = {
			isa = PBXCopyFilesBuildPhase;
			buildActionMask = 2147483647;
			dstPath = /usr/share/man/man1/;
			dstSubfolderSpec = 0;
			files = (
			);
			runOnlyForDeploymentPostprocessing = 1;
		};
/* End PBXCopyFilesBuildPhase section */

/* Begin PBXFileReference section */
		18BD1B0B1D4DD5800052A363 /* Runtime-Method Swizzle */ = {isa = PBXFileReference; explicitFileType = "compiled.mach-o.executable"; includeInIndex = 0; path = "Runtime-Method Swizzle"; sourceTree = BUILT_PRODUCTS_DIR; };
		18BD1B0E1D4DD5800052A363 /* main.m */ = {isa = PBXFileReference; lastKnownFileType = sourcecode.c.objc; path = main.m; sourceTree = "<group>"; };
		18BD1B151D4DD5950052A363 /* LMJPerson.h */ = {isa = PBXFileReference; fileEncoding = 4; lastKnownFileType = sourcecode.c.h; path = LMJPerson.h; sourceTree = "<group>"; };
		18BD1B161D4DD5950052A363 /* LMJPerson.m */ = {isa = PBXFileReference; fileEncoding = 4; lastKnownFileType = sourcecode.c.objc; path = LMJPerson.m; sourceTree = "<group>"; };
/* End PBXFileReference section */

/* Begin PBXFrameworksBuildPhase section */
		18BD1B081D4DD5800052A363 /* Frameworks */ = {
			isa = PBXFrameworksBuildPhase;
			buildActionMask = 2147483647;
			files = (
			);
			runOnlyForDeploymentPostprocessing = 0;
		};
/* End PBXFrameworksBuildPhase section */

/* Begin PBXGroup section */
		18BD1B021D4DD5800052A363 = {
			isa = PBXGroup;
			children = (
				18BD1B0D1D4DD5800052A363 /* Runtime-Method Swizzle */,
				18BD1B0C1D4DD5800052A363 /* Products */,
			);
			sourceTree = "<group>";
		};
		18BD1B0C1D4DD5800052A363 /* Products */ = {
			isa = PBXGroup;
			children = (
				18BD1B0B1D4DD5800052A363 /* Runtime-Method Swizzle */,
			);
			name = Products;
			sourceTree = "<group>";
		};
		18BD1B0D1D4DD5800052A363 /* Runtime-Method Swizzle */ = {
			isa = PBXGroup;
			children = (
				18BD1B0E1D4DD5800052A363 /* main.m */,
				18BD1B151D4DD5950052A363 /* LMJPerson.h */,
				18BD1B161D4DD5950052A363 /* LMJPerson.m */,
			);
			path = "Runtime-Method Swizzle";
			sourceTree = "<group>";
		};
/* End PBXGroup section */

/* Begin PBXNativeTarget section */
		18BD1B0A1D4DD5800052A363 /* Runtime-Method Swizzle */ = {
			isa = PBXNativeTarget;
			buildConfigurationList = 18BD1B121D4DD5800052A363 /* Build configuration list for PBXNativeTarget "Runtime-Method Swizzle" */;
			buildPhases = (
				18BD1B071D4DD5800052A363 /* Sources */,
				18BD1B081D4DD5800052A363 /* Frameworks */,
				18BD1B091D4DD5800052A363 /* CopyFiles */,
			);
			buildRules = (
			);
			dependencies = (
			);
			name = "Runtime-Method Swizzle";
			productName = "Runtime-Method Swizzle";
			productReference = 18BD1B0B1D4DD5800052A363 /* Runtime-Method Swizzle */;
			productType = "com.apple.product-type.tool";
		};
/* End PBXNativeTarget section */

/* Begin PBXProject section */
		18BD1B031D4DD5800052A363 /* Project object */ = {
			isa = PBXProject;
			attributes = {
				CLASSPREFIX = LMJ;
				LastUpgradeCheck = 0720;
				ORGANIZATIONNAME = NJHu;
				TargetAttributes = {
					18BD1B0A1D4DD5800052A363 = {
						CreatedOnToolsVersion = 7.2;
					};
				};
			};
			buildConfigurationList = 18BD1B061D4DD5800052A363 /* Build configuration list for PBXProject "Runtime-Method Swizzle" */;
			compatibilityVersion = "Xcode 3.2";
			developmentRegion = English;
			hasScannedForEncodings = 0;
			knownRegions = (
				en,
			);
			mainGroup = 18BD1B021D4DD5800052A363;
			productRefGroup = 18BD1B0C1D4DD5800052A363 /* Products */;
			projectDirPath = "";
			projectRoot = "";
			targets = (
				18BD1B0A1D4DD5800052A363 /* Runtime-Method Swizzle */,
			);
		};
/* End PBXProject section */

/* Begin PBXSourcesBuildPhase section */
		18BD1B071D4DD5800052A363 /* Sources */ = {
			isa = PBXSourcesBuildPhase;
			buildActionMask = 2147483647;
			files = (
				18BD1B171D4DD5950052A363 /* LMJPerson.m in Sources */,
				18BD1B0F1D4DD5800052A363 /* main.m in Sources */,
			);
			runOnlyForDeploymentPostprocessing = 0;
		};
/* End PBXSourcesBuildPhase section */

/* Begin XCBuildConfiguration section */
		18BD1B101D4DD5800052A363 /* Debug */ = {
			isa = XCBuildConfiguration;
			buildSettings = {
				ALWAYS_SEARCH_USER_PATHS = NO;
				CLANG_CXX_LANGUAGE_STANDARD = "gnu++0x";
				CLANG_CXX_LIBRARY = "libc++";
				CLANG_ENABLE_MODULES = YES;
				CLANG_ENABLE_OBJC_ARC = YES;
				CLANG_WARN_BOOL_CONVERSION = YES;
				CLANG_WARN_CONSTANT_CONVERSION = YES;
				CLANG_WARN_DIRECT_OBJC_ISA_USAGE = YES_ERROR;
				CLANG_WARN_EMPTY_BODY = YES;
				CLANG_WARN_ENUM_CONVERSION = YES;
				CLANG_WARN_INT_CONVERSION = YES;
				CLANG_WARN_OBJC_ROOT_CLASS = YES_ERROR;
				CLANG_WARN_UNREACHABLE_CODE = YES;
				CLANG_WARN__DUPLICATE_METHOD_MATCH = YES;
				CODE_SIGN_IDENTITY = "-";
				COPY_PHASE_STRIP = NO;
				DEBUG_INFORMATION_FORMAT = dwarf;
				ENABLE_STRICT_OBJC_MSGSEND = YES;
				ENABLE_TESTABILITY = YES;
				GCC_C_LANGUAGE_STANDARD = gnu99;
				GCC_DYNAMIC_NO_PIC = NO;
				GCC_NO_COMMON_BLOCKS = YES;
				GCC_OPTIMIZATION_LEVEL = 0;
				GCC_PREPROCESSOR_DEFINITIONS = (
					"DEBUG=1",
					"$(inherited)",
				);
				GCC_WARN_64_TO_32_BIT_CONVERSION = YES;
				GCC_WARN_ABOUT_RETURN_TYPE = YES_ERROR;
				GCC_WARN_UNDECLARED_SELECTOR = YES;
				GCC_WARN_UNINITIALIZED_AUTOS = YES_AGGRESSIVE;
				GCC_WARN_UNUSED_FUNCTION = YES;
				GCC_WARN_UNUSED_VARIABLE = YES;
				MACOSX_DEPLOYMENT_TARGET = 10.11;
				MTL_ENABLE_DEBUG_INFO = YES;
				ONLY_ACTIVE_ARCH = YES;
				SDKROOT = macosx;
			};
			name = Debug;
		};
		18BD1B111D4DD5800052A363 /* Release */ = {
			isa = XCBuildConfiguration;
			buildSettings = {
				ALWAYS_SEARCH_USER_PATHS = NO;
				CLANG_CXX_LANGUAGE_STANDARD = "gnu++0x";
				CLANG_CXX_LIBRARY = "libc++";
				CLANG_ENABLE_MODULES = YES;
				CLANG_ENABLE_OBJC_ARC = YES;
				CLANG_WARN_BOOL_CONVERSION = YES;
				CLANG_WARN_CONSTANT_CONVERSION = YES;
				CLANG_WARN_DIRECT_OBJC_ISA_USAGE = YES_ERROR;
				CLANG_WARN_EMPTY_BODY = YES;
				CLANG_WARN_ENUM_CONVERSION = YES;
				CLANG_WARN_INT_CONVERSION = YES;
				CLANG_WARN_OBJC_ROOT_CLASS = YES_ERROR;
				CLANG_WARN_UNREACHABLE_CODE = YES;
				CLANG_WARN__DUPLICATE_METHOD_MATCH = YES;
				CODE_SIGN_IDENTITY = "-";
				COPY_PHASE_STRIP = NO;
				DEBUG_INFORMATION_FORMAT = "dwarf-with-dsym";
				ENABLE_NS_ASSERTIONS = NO;
				ENABLE_STRICT_OBJC_MSGSEND = YES;
				GCC_C_LANGUAGE_STANDARD = gnu99;
				GCC_NO_COMMON_BLOCKS = YES;
				GCC_WARN_64_TO_32_BIT_CONVERSION = YES;
				GCC_WARN_ABOUT_RETURN_TYPE = YES_ERROR;
				GCC_WARN_UNDECLARED_SELECTOR = YES;
				GCC_WARN_UNINITIALIZED_AUTOS = YES_AGGRESSIVE;
				GCC_WARN_UNUSED_FUNCTION = YES;
				GCC_WARN_UNUSED_VARIABLE = YES;
				MACOSX_DEPLOYMENT_TARGET = 10.11;
				MTL_ENABLE_DEBUG_INFO = NO;
				SDKROOT = macosx;
			};
			name = Release;
		};
		18BD1B131D4DD5800052A363 /* Debug */ = {
			isa = XCBuildConfiguration;
			buildSettings = {
				PRODUCT_NAME = "$(TARGET_NAME)";
			};
			name = Debug;
		};
		18BD1B141D4DD5800052A363 /* Release */ = {
			isa = XCBuildConfiguration;
			buildSettings = {
				PRODUCT_NAME = "$(TARGET_NAME)";
			};
			name = Release;
		};
/* End XCBuildConfiguration section */

/* Begin XCConfigurationList section */
		18BD1B061D4DD5800052A363 /* Build configuration list for PBXProject "Runtime-Method Swizzle" */ = {
			isa = XCConfigurationList;
			buildConfigurations = (
				18BD1B101D4DD5800052A363 /* Debug */,
				18BD1B111D4DD5800052A363 /* Release */,
			);
			defaultConfigurationIsVisible = 0;
			defaultConfigurationName = Release;
		};
		18BD1B121D4DD5800052A363 /* Build configuration list for PBXNativeTarget "Runtime-Method Swizzle" */ = {
			isa = XCConfigurationList;
			buildConfigurations = (
				18BD1B131D4DD5800052A363 /* Debug */,
				18BD1B141D4DD5800052A363 /* Release */,
			);
			defaultConfigurationIsVisible = 0;
		};
/* End XCConfigurationList section */
	};
	rootObject = 18BD1B031D4DD5800052A363 /* Project object */;
}
